
Microsoft Visual Studio Solution File, Format Version 12.00
# Visual Studio 15
VisualStudioVersion = 15.0.28307.1300
MinimumVisualStudioVersion = 10.0.40219.1
Project("{FAE04EC0-301F-11D3-BF4B-00C04F79EFBC}") = "test", "test\test.csproj", "{C1D0FC14-1C21-4D90-9DFE-4006585832DF}"
EndProject
Global
	GlobalSection(SolutionConfigurationPlatforms) = preSolution
		Debug|Any CPU = Debug|Any CPU
		Release|Any CPU = Release|Any CPU
	EndGlobalSection
	GlobalSection(ProjectConfigurationPlatforms) = postSolution
		{C1D0FC14-1C21-4D90-9DFE-4006585832DF}.Debug|Any CPU.ActiveCfg = Debug|Any CPU
		{C1D0FC14-1C21-4D90-9DFE-4006585832DF}.Debug|Any CPU.Build.0 = Debug|Any CPU
		{C1D0FC14-1C21-4D90-9DFE-4006585832DF}.Release|Any CPU.ActiveCfg = Release|Any CPU
		{C1D0FC14-1C21-4D90-9DFE-4006585832DF}.Release|Any CPU.Build.0 = Release|Any CPU
	EndGlobalSection
	GlobalSection(SolutionProperties) = preSolution
		HideSolutionNode = FALSE
	EndGlobalSection
	GlobalSection(ExtensibilityGlobals) = postSolution
		SolutionGuid = {C8A2490D-D47B-43B7-BFA2-C65C7CB7F668}
	EndGlobalSection
EndGlobal
